version = 1

[[skills]]
managed_skill = "ask-matt"
source_repository = "mattpocock/skills"
source_path = "skills/engineering"
source_skill = "ask-matt"
commit = "24fe0ef7737efae15c87225755e9f6f5965e4888"
sha256 = "f0d8a54323b34f0ee4f7913700750211b8b4a9b9ee0b1f459d3a5b671d95ca66"

[[skills]]
managed_skill = "chrome-extensions"
source_repository = "GoogleChrome/modern-web-guidance"
source_path = "skills"
source_skill = "chrome-extensions"
commit = "460e5536b8e61034d83ff4af24bb0bf1112d2cb0"
sha256 = "2012f6e779fbd0ce14c824a314708f5f8a862327dc7bd2c510686625c7b57aa0"

[[skills]]
managed_skill = "code-review"
source_repository = "mattpocock/skills"
source_path = "skills/engineering"
source_skill = "code-review"
commit = "5b15a47f2d7150f545fbcacbfe381787fc0230dc"
sha256 = "066d2a571614a1b24020146497014b7be9c2e2063032c74559cad14ef1c5c050"

[[skills]]
managed_skill = "codebase-design"
source_repository = "mattpocock/skills"
source_path = "skills/engineering"
source_skill = "codebase-design"
commit = "d81f3a183412e71a5b1e84ca21bc1a35eea03a60"
sha256 = "6011f28bf0654aeb9c49da78e3195eb1a4a98715a3d3eebc19b56473828fde63"

[[skills]]
managed_skill = "diagnosing-bugs"
source_repository = "mattpocock/skills"
source_path = "skills/engineering"
source_skill = "diagnosing-bugs"
commit = "d81f3a183412e71a5b1e84ca21bc1a35eea03a60"
sha256 = "58d07f68db3d3a192d81ca417a5772d3597a9f81ee05d41c2c5811aee44db41d"

[[skills]]
managed_skill = "domain-modeling"
source_repository = "mattpocock/skills"
source_path = "skills/engineering"
source_skill = "domain-modeling"
commit = "d81f3a183412e71a5b1e84ca21bc1a35eea03a60"
sha256 = "f5e769e284deaea271d9246dc0927a57ef4ab04a76c72bad99ed29805cd174df"

[[skills]]
managed_skill = "grill-me"
source_repository = "mattpocock/skills"
source_path = "skills/productivity"
source_skill = "grill-me"
commit = "5b15a47f2d7150f545fbcacbfe381787fc0230dc"
sha256 = "c066f870b97bdc4557efd9e9a4bef1297b27b525b581aefb2ffc5c5f98adf9d7"

[[skills]]
managed_skill = "grill-with-docs"
source_repository = "mattpocock/skills"
source_path = "skills/engineering"
source_skill = "grill-with-docs"
commit = "5b15a47f2d7150f545fbcacbfe381787fc0230dc"
sha256 = "afc0d982cdb00da5ea7c15f3b557ea71ea975cfd16b10834d25e6401d41aab81"

[[skills]]
managed_skill = "grilling"
source_repository = "mattpocock/skills"
source_path = "skills/productivity"
source_skill = "grilling"
commit = "5b15a47f2d7150f545fbcacbfe381787fc0230dc"
sha256 = "136bdb7ca00a986732f3da904bae9d3ac9afa24d76f6c57e0f470dae17f239d0"

[[skills]]
managed_skill = "handoff"
source_repository = "mattpocock/skills"
source_path = "skills/productivity"
source_skill = "handoff"
commit = "6fd947921b935b7e1e69293a200400f0fdd5c15f"
sha256 = "6c301020eb7855c888270de90bb5754280c062da276bdfc3e4d172421e0c3ffe"

[[skills]]
managed_skill = "implement"
source_repository = "mattpocock/skills"
source_path = "skills/engineering"
source_skill = "implement"
commit = "5b15a47f2d7150f545fbcacbfe381787fc0230dc"
sha256 = "0581e0b3f9ffb24ab26026071e51898b0032a9b0693bfb5c258176db87a98164"

[[skills]]
managed_skill = "implement-spec"
source_repository = "mattpocock/skills"
source_path = "skills/engineering"
source_skill = "implement-spec"
commit = "24fe0ef7737efae15c87225755e9f6f5965e4888"
sha256 = "3b9ddd7874274ed63015b6a5a203c866aa59c4a7760c0303d6d7cfb3d540925a"

[[skills]]
managed_skill = "improve-codebase-architecture"
source_repository = "mattpocock/skills"
source_path = "skills/engineering"
source_skill = "improve-codebase-architecture"
commit = "d81f3a183412e71a5b1e84ca21bc1a35eea03a60"
sha256 = "9950c1f1dd848fcd91af2336b2c2f8d9f2c5ca4661042465ff1ff5ca46f979ea"

[[skills]]
managed_skill = "modern-web-guidance"
source_repository = "GoogleChrome/modern-web-guidance"
source_path = "skills"
source_skill = "modern-web-guidance"
commit = "650eb83619134adb947b1ee8755e6511270bc444"
sha256 = "3afb6d91a13ba77ceb729974d304ba554cbece1d09dc2d8b3b3735a0a76970f2"

[[skills]]
managed_skill = "playwright-cli"
source_repository = "microsoft/playwright-cli"
source_path = "skills"
source_skill = "playwright-cli"
commit = "b85c7a736bb473bf55b584e54a09ffa698d6d871"
sha256 = "3e9df7e2828ee98ff0cc1ca30265892aa0b2c5b9a18be9ca231c8ede1e94ba33"

[[skills]]
managed_skill = "pr"
source_repository = "mattpocock/skills"
source_path = "skills/engineering"
source_skill = "pr"
commit = "24fe0ef7737efae15c87225755e9f6f5965e4888"
sha256 = "f76b71601451169497a45a9fdb56c46a3d274dea1b679571ec4de51d6d2a6c11"

[[skills]]
managed_skill = "prototype"
source_repository = "mattpocock/skills"
source_path = "skills/engineering"
source_skill = "prototype"
commit = "5b15a47f2d7150f545fbcacbfe381787fc0230dc"
sha256 = "68c1d97920613f01ac78ec9e8aee2b8a69f365880c42fa44d13e27eb01ede54b"

[[skills]]
managed_skill = "research"
source_repository = "mattpocock/skills"
source_path = "skills/engineering"
source_skill = "research"
commit = "5b15a47f2d7150f545fbcacbfe381787fc0230dc"
sha256 = "f460314525aab129fa79ecafc5a3aa09ebec4aa3e1115fe580b5ff3d334e97be"

[[skills]]
managed_skill = "retro"
source_repository = "mattpocock/skills"
source_path = "skills/engineering"
source_skill = "retro"
commit = "24fe0ef7737efae15c87225755e9f6f5965e4888"
sha256 = "bdc872693409d1973957fcfd766bc4dd3779856866f8fc6d11d27f10a755cce9"

[[skills]]
managed_skill = "setup-matt-pocock-skills"
source_repository = "mattpocock/skills"
source_path = "skills/engineering"
source_skill = "setup-matt-pocock-skills"
commit = "d81f3a183412e71a5b1e84ca21bc1a35eea03a60"
sha256 = "9992fb993e137eb77f250d96cf85c092db1b19804ba27ab4ecb83e3ae78c5f12"

[[skills]]
managed_skill = "tdd"
source_repository = "mattpocock/skills"
source_path = "skills/engineering"
source_skill = "tdd"
commit = "d81f3a183412e71a5b1e84ca21bc1a35eea03a60"
sha256 = "129a89d4bb1232b668d48da1f37365fe16cb3f6e7e188e6b1b790ec7476b7e13"

[[skills]]
managed_skill = "teach"
source_repository = "mattpocock/skills"
source_path = "skills/productivity"
source_skill = "teach"
commit = "5b15a47f2d7150f545fbcacbfe381787fc0230dc"
sha256 = "787b5e94181050209a56eb173326472e06b7dc8e001669f935828e69fb830945"

[[skills]]
managed_skill = "to-questionnaire"
source_repository = "mattpocock/skills"
source_path = "skills/productivity"
source_skill = "to-questionnaire"
commit = "5b15a47f2d7150f545fbcacbfe381787fc0230dc"
sha256 = "169bb69d1a772bcfa233ea3fd656cf37af665a3faffd44993acb22530f1a896b"

[[skills]]
managed_skill = "to-spec"
source_repository = "mattpocock/skills"
source_path = "skills/engineering"
source_skill = "to-spec"
commit = "5b15a47f2d7150f545fbcacbfe381787fc0230dc"
sha256 = "c7fa6fd995572d4fab4653fbf853f5d91ea72ac9392662d676681f2d8f45b4af"

[[skills]]
managed_skill = "to-tickets"
source_repository = "mattpocock/skills"
source_path = "skills/engineering"
source_skill = "to-tickets"
commit = "5b15a47f2d7150f545fbcacbfe381787fc0230dc"
sha256 = "cfff3f738d08ded706ff0419cc7391e81367f50ac05d7db726ee28ae4bd7dc12"

[[skills]]
managed_skill = "triage"
source_repository = "mattpocock/skills"
source_path = "skills/engineering"
source_skill = "triage"
commit = "d81f3a183412e71a5b1e84ca21bc1a35eea03a60"
sha256 = "e86061e2040c4a9eefc3e480202c5bcb6eea1f37d1a2c14923a1555d8c2389be"

[[skills]]
managed_skill = "wait-what"
source_repository = "mattpocock/skills"
source_path = "skills/productivity"
source_skill = "wait-what"
commit = "d81f3a183412e71a5b1e84ca21bc1a35eea03a60"
sha256 = "6e205201a6ba099af7b534d57599c657775d5fd0c4b2492d57d5f1aa6c8ec913"

[[skills]]
managed_skill = "wayfinder"
source_repository = "mattpocock/skills"
source_path = "skills/engineering"
source_skill = "wayfinder"
commit = "5b15a47f2d7150f545fbcacbfe381787fc0230dc"
sha256 = "c88a20b8eaa898fab62fc566883ebaeb4ba5655cffe2fe0be677617c7b3ac5f1"

[[skills]]
managed_skill = "wizard"
source_repository = "mattpocock/skills"
source_path = "skills/engineering"
source_skill = "wizard"
commit = "5b15a47f2d7150f545fbcacbfe381787fc0230dc"
sha256 = "c9264cb6b15d09c357a70145d0669aee330dc3bbee1fd8d9b6a49bab52ca2ae1"

[[skills]]
managed_skill = "writing-for-agents"
source_repository = "mattpocock/skills"
source_path = "skills/productivity"
source_skill = "writing-for-agents"
commit = "5b15a47f2d7150f545fbcacbfe381787fc0230dc"
sha256 = "0d6b37617328e719166ae3918e987d83a40b876bcb2cf653f57f0fabff697415"
