version = 1

[[skills]]
managed_skill = "ask-matt"
source_repository = "mattpocock/skills"
source_path = "skills/engineering"
source_skill = "ask-matt"
commit = "5b15a47f2d7150f545fbcacbfe381787fc0230dc"
sha256 = "e2a7cad6a6031bfd4ed27c95100f9673d924c91795518e6d15db1ba364d9f94c"

[[skills]]
managed_skill = "chrome-extensions"
source_repository = "GoogleChrome/modern-web-guidance"
source_path = "skills"
source_skill = "chrome-extensions"
commit = "460e5536b8e61034d83ff4af24bb0bf1112d2cb0"
sha256 = "2012f6e779fbd0ce14c824a314708f5f8a862327dc7bd2c510686625c7b57aa0"

[[skills]]
managed_skill = "code-review"
source_repository = "mattpocock/skills"
source_path = "skills/engineering"
source_skill = "code-review"
commit = "5b15a47f2d7150f545fbcacbfe381787fc0230dc"
sha256 = "066d2a571614a1b24020146497014b7be9c2e2063032c74559cad14ef1c5c050"

[[skills]]
managed_skill = "codebase-design"
source_repository = "mattpocock/skills"
source_path = "skills/engineering"
source_skill = "codebase-design"
commit = "5b15a47f2d7150f545fbcacbfe381787fc0230dc"
sha256 = "b9b9d421fafa56b3fd08c14c0e4428fe0da439021207434a1409fd0cdea60397"

[[skills]]
managed_skill = "diagnosing-bugs"
source_repository = "mattpocock/skills"
source_path = "skills/engineering"
source_skill = "diagnosing-bugs"
commit = "5b15a47f2d7150f545fbcacbfe381787fc0230dc"
sha256 = "2343062697191e2f0726662f7a10b5eabbf2e8e2a19ff4de9519dd75b84f36d5"

[[skills]]
managed_skill = "domain-modeling"
source_repository = "mattpocock/skills"
source_path = "skills/engineering"
source_skill = "domain-modeling"
commit = "5b15a47f2d7150f545fbcacbfe381787fc0230dc"
sha256 = "0974714aa59dfbba985c58271b11575bd4b6298a68c56806da421ce0a820e054"

[[skills]]
managed_skill = "grill-me"
source_repository = "mattpocock/skills"
source_path = "skills/productivity"
source_skill = "grill-me"
commit = "5b15a47f2d7150f545fbcacbfe381787fc0230dc"
sha256 = "c066f870b97bdc4557efd9e9a4bef1297b27b525b581aefb2ffc5c5f98adf9d7"

[[skills]]
managed_skill = "grill-with-docs"
source_repository = "mattpocock/skills"
source_path = "skills/engineering"
source_skill = "grill-with-docs"
commit = "5b15a47f2d7150f545fbcacbfe381787fc0230dc"
sha256 = "afc0d982cdb00da5ea7c15f3b557ea71ea975cfd16b10834d25e6401d41aab81"

[[skills]]
managed_skill = "grilling"
source_repository = "mattpocock/skills"
source_path = "skills/productivity"
source_skill = "grilling"
commit = "5b15a47f2d7150f545fbcacbfe381787fc0230dc"
sha256 = "136bdb7ca00a986732f3da904bae9d3ac9afa24d76f6c57e0f470dae17f239d0"

[[skills]]
managed_skill = "handoff"
source_repository = "mattpocock/skills"
source_path = "skills/productivity"
source_skill = "handoff"
commit = "5b15a47f2d7150f545fbcacbfe381787fc0230dc"
sha256 = "3564282c15a287533df4817079814802d22ec634f0315aaf4a71bdf07154d1c0"

[[skills]]
managed_skill = "implement"
source_repository = "mattpocock/skills"
source_path = "skills/engineering"
source_skill = "implement"
commit = "5b15a47f2d7150f545fbcacbfe381787fc0230dc"
sha256 = "0581e0b3f9ffb24ab26026071e51898b0032a9b0693bfb5c258176db87a98164"

[[skills]]
managed_skill = "improve-codebase-architecture"
source_repository = "mattpocock/skills"
source_path = "skills/engineering"
source_skill = "improve-codebase-architecture"
commit = "5b15a47f2d7150f545fbcacbfe381787fc0230dc"
sha256 = "fd61139e6d4d8df2bd12b391912359802c84c6668f018f3aa00053706b7c649a"

[[skills]]
managed_skill = "modern-web-guidance"
source_repository = "GoogleChrome/modern-web-guidance"
source_path = "skills"
source_skill = "modern-web-guidance"
commit = "460e5536b8e61034d83ff4af24bb0bf1112d2cb0"
sha256 = "1d4f06b5314fddce908cff052f8d24481fa197a878b91e25bd29e82d84ad7ceb"

[[skills]]
managed_skill = "prototype"
source_repository = "mattpocock/skills"
source_path = "skills/engineering"
source_skill = "prototype"
commit = "5b15a47f2d7150f545fbcacbfe381787fc0230dc"
sha256 = "68c1d97920613f01ac78ec9e8aee2b8a69f365880c42fa44d13e27eb01ede54b"

[[skills]]
managed_skill = "research"
source_repository = "mattpocock/skills"
source_path = "skills/engineering"
source_skill = "research"
commit = "5b15a47f2d7150f545fbcacbfe381787fc0230dc"
sha256 = "f460314525aab129fa79ecafc5a3aa09ebec4aa3e1115fe580b5ff3d334e97be"

[[skills]]
managed_skill = "resolving-merge-conflicts"
source_repository = "mattpocock/skills"
source_path = "skills/engineering"
source_skill = "resolving-merge-conflicts"
commit = "5b15a47f2d7150f545fbcacbfe381787fc0230dc"
sha256 = "069b198f005aee23c6c42d9b614a37e9a9cf780466afe6c7fdbcd75f9b2d71e9"

[[skills]]
managed_skill = "setup-matt-pocock-skills"
source_repository = "mattpocock/skills"
source_path = "skills/engineering"
source_skill = "setup-matt-pocock-skills"
commit = "5b15a47f2d7150f545fbcacbfe381787fc0230dc"
sha256 = "4fe2901aea041891387fc39375c7e4e48c3a68ab67062340d8f6ffa77ffd3380"

[[skills]]
managed_skill = "tdd"
source_repository = "mattpocock/skills"
source_path = "skills/engineering"
source_skill = "tdd"
commit = "5b15a47f2d7150f545fbcacbfe381787fc0230dc"
sha256 = "ffb19f4fab44b3f28fd7a9979551e347727cc40814a5c012b87ac99277f9e4bf"

[[skills]]
managed_skill = "teach"
source_repository = "mattpocock/skills"
source_path = "skills/productivity"
source_skill = "teach"
commit = "5b15a47f2d7150f545fbcacbfe381787fc0230dc"
sha256 = "787b5e94181050209a56eb173326472e06b7dc8e001669f935828e69fb830945"
