version = 1

[[skills]]
managed_skill = "ask-matt"
source_repository = "mattpocock/skills"
source_path = "skills/engineering"
source_skill = "ask-matt"
commit = "5b15a47f2d7150f545fbcacbfe381787fc0230dc"
sha256 = "e2a7cad6a6031bfd4ed27c95100f9673d924c91795518e6d15db1ba364d9f94c"

[[skills]]
managed_skill = "chrome-extensions"
source_repository = "GoogleChrome/modern-web-guidance"
source_path = "skills"
source_skill = "chrome-extensions"
commit = "460e5536b8e61034d83ff4af24bb0bf1112d2cb0"
sha256 = "2012f6e779fbd0ce14c824a314708f5f8a862327dc7bd2c510686625c7b57aa0"

[[skills]]
managed_skill = "code-review"
source_repository = "mattpocock/skills"
source_path = "skills/engineering"
source_skill = "code-review"
commit = "5b15a47f2d7150f545fbcacbfe381787fc0230dc"
sha256 = "066d2a571614a1b24020146497014b7be9c2e2063032c74559cad14ef1c5c050"

[[skills]]
managed_skill = "codebase-design"
source_repository = "mattpocock/skills"
source_path = "skills/engineering"
source_skill = "codebase-design"
commit = "5b15a47f2d7150f545fbcacbfe381787fc0230dc"
sha256 = "b9b9d421fafa56b3fd08c14c0e4428fe0da439021207434a1409fd0cdea60397"

[[skills]]
managed_skill = "diagnosing-bugs"
source_repository = "mattpocock/skills"
source_path = "skills/engineering"
source_skill = "diagnosing-bugs"
commit = "5b15a47f2d7150f545fbcacbfe381787fc0230dc"
sha256 = "2343062697191e2f0726662f7a10b5eabbf2e8e2a19ff4de9519dd75b84f36d5"

[[skills]]
managed_skill = "domain-modeling"
source_repository = "mattpocock/skills"
source_path = "skills/engineering"
source_skill = "domain-modeling"
commit = "5b15a47f2d7150f545fbcacbfe381787fc0230dc"
sha256 = "0974714aa59dfbba985c58271b11575bd4b6298a68c56806da421ce0a820e054"
